
Microsoft Visual Studio Solution File, Format Version 12.00
# Visual Studio Version 16
VisualStudioVersion = 16.0.34601.136
MinimumVisualStudioVersion = 10.0.40219.1
Project("{9A19103F-16F7-4668-BE54-9A1E7A4F7556}") = "PrimeService.Tests", "PrimeService.Tests\PrimeService.Tests.csproj", "{4E51F397-6AC4-47CA-93E6-6769EA90624D}"
EndProject
Global
	GlobalSection(SolutionConfigurationPlatforms) = preSolution
		Debug|Any CPU = Debug|Any CPU
		Release|Any CPU = Release|Any CPU
	EndGlobalSection
	GlobalSection(ProjectConfigurationPlatforms) = postSolution
		{4E51F397-6AC4-47CA-93E6-6769EA90624D}.Debug|Any CPU.ActiveCfg = Debug|Any CPU
		{4E51F397-6AC4-47CA-93E6-6769EA90624D}.Debug|Any CPU.Build.0 = Debug|Any CPU
		{4E51F397-6AC4-47CA-93E6-6769EA90624D}.Release|Any CPU.ActiveCfg = Release|Any CPU
		{4E51F397-6AC4-47CA-93E6-6769EA90624D}.Release|Any CPU.Build.0 = Release|Any CPU
	EndGlobalSection
	GlobalSection(SolutionProperties) = preSolution
		HideSolutionNode = FALSE
	EndGlobalSection
	GlobalSection(ExtensibilityGlobals) = postSolution
		SolutionGuid = {829B8311-0E61-458D-A54B-D3BB5FEAC9AA}
	EndGlobalSection
EndGlobal
